
Microsoft Visual Studio Solution File, Format Version 12.00
# Visual Studio Version 17
VisualStudioVersion = 17.1.32328.378
MinimumVisualStudioVersion = 10.0.40219.1
Project("{9A19103F-16F7-4668-BE54-9A1E7A4F7556}") = "Misbat.FastEnumNames", "Misbat.FastEnumNames\Misbat.FastEnumNames.csproj", "{9BB6EDFE-44CA-46D7-90E9-0CB43B36468B}"
EndProject
Project("{9A19103F-16F7-4668-BE54-9A1E7A4F7556}") = "Misbat.FastEnumNames.Console", "Misbat.FastEnumNames.Console\Misbat.FastEnumNames.Console.csproj", "{025533A1-26B0-4F5A-81B3-FA58C91DEBF6}"
EndProject
Global
	GlobalSection(SolutionConfigurationPlatforms) = preSolution
		Debug|Any CPU = Debug|Any CPU
		Release|Any CPU = Release|Any CPU
	EndGlobalSection
	GlobalSection(ProjectConfigurationPlatforms) = postSolution
		{9BB6EDFE-44CA-46D7-90E9-0CB43B36468B}.Debug|Any CPU.ActiveCfg = Debug|Any CPU
		{9BB6EDFE-44CA-46D7-90E9-0CB43B36468B}.Debug|Any CPU.Build.0 = Debug|Any CPU
		{9BB6EDFE-44CA-46D7-90E9-0CB43B36468B}.Release|Any CPU.ActiveCfg = Release|Any CPU
		{9BB6EDFE-44CA-46D7-90E9-0CB43B36468B}.Release|Any CPU.Build.0 = Release|Any CPU
		{025533A1-26B0-4F5A-81B3-FA58C91DEBF6}.Debug|Any CPU.ActiveCfg = Debug|Any CPU
		{025533A1-26B0-4F5A-81B3-FA58C91DEBF6}.Debug|Any CPU.Build.0 = Debug|Any CPU
		{025533A1-26B0-4F5A-81B3-FA58C91DEBF6}.Release|Any CPU.ActiveCfg = Release|Any CPU
		{025533A1-26B0-4F5A-81B3-FA58C91DEBF6}.Release|Any CPU.Build.0 = Release|Any CPU
	EndGlobalSection
	GlobalSection(SolutionProperties) = preSolution
		HideSolutionNode = FALSE
	EndGlobalSection
	GlobalSection(ExtensibilityGlobals) = postSolution
		SolutionGuid = {76A191B3-7153-402A-9DFF-CB5627EEE2E2}
	EndGlobalSection
EndGlobal
